
Microsoft Visual Studio Solution File, Format Version 12.00
# Visual Studio Version 16
VisualStudioVersion = 16.0.29503.13
MinimumVisualStudioVersion = 10.0.40219.1
Project("{FAE04EC0-301F-11D3-BF4B-00C04F79EFBC}") = "EqLevel2", "EQLevel2\EqLevel2.csproj", "{39BC508D-3C35-4A76-9F25-AB6AE27D6D66}"
EndProject
Global
	GlobalSection(SolutionConfigurationPlatforms) = preSolution
		Debug|Any CPU = Debug|Any CPU
		Release|Any CPU = Release|Any CPU
	EndGlobalSection
	GlobalSection(ProjectConfigurationPlatforms) = postSolution
		{39BC508D-3C35-4A76-9F25-AB6AE27D6D66}.Debug|Any CPU.ActiveCfg = Debug|Any CPU
		{39BC508D-3C35-4A76-9F25-AB6AE27D6D66}.Debug|Any CPU.Build.0 = Debug|Any CPU
		{39BC508D-3C35-4A76-9F25-AB6AE27D6D66}.Release|Any CPU.ActiveCfg = Release|Any CPU
		{39BC508D-3C35-4A76-9F25-AB6AE27D6D66}.Release|Any CPU.Build.0 = Release|Any CPU
	EndGlobalSection
	GlobalSection(SolutionProperties) = preSolution
		HideSolutionNode = FALSE
	EndGlobalSection
	GlobalSection(ExtensibilityGlobals) = postSolution
		SolutionGuid = {8996878C-3622-4D6E-A89B-FE7967D921E2}
	EndGlobalSection
EndGlobal
